
Microsoft Visual Studio Solution File, Format Version 12.00
# Visual Studio 2013
VisualStudioVersion = 12.0.21005.1
MinimumVisualStudioVersion = 10.0.40219.1
Project("{FAE04EC0-301F-11D3-BF4B-00C04F79EFBC}") = "Sitecore.Onboard.Web", "web\Website\Sitecore.Onboard.Web.csproj", "{16EC9DEF-FBAE-4E44-8BC5-F80783BDFDD0}"
EndProject
Project("{FAE04EC0-301F-11D3-BF4B-00C04F79EFBC}") = "Sitecore.Onboard.Glass", "src\Sitecore.Onboard.Glass.csproj", "{FB7AECDC-91AE-45A4-B003-79DC9F6F1E2C}"
EndProject
Global
	GlobalSection(SolutionConfigurationPlatforms) = preSolution
		Debug|Any CPU = Debug|Any CPU
		Release|Any CPU = Release|Any CPU
	EndGlobalSection
	GlobalSection(ProjectConfigurationPlatforms) = postSolution
		{16EC9DEF-FBAE-4E44-8BC5-F80783BDFDD0}.Debug|Any CPU.ActiveCfg = Debug|Any CPU
		{16EC9DEF-FBAE-4E44-8BC5-F80783BDFDD0}.Debug|Any CPU.Build.0 = Debug|Any CPU
		{16EC9DEF-FBAE-4E44-8BC5-F80783BDFDD0}.Release|Any CPU.ActiveCfg = Release|Any CPU
		{16EC9DEF-FBAE-4E44-8BC5-F80783BDFDD0}.Release|Any CPU.Build.0 = Release|Any CPU
		{FB7AECDC-91AE-45A4-B003-79DC9F6F1E2C}.Debug|Any CPU.ActiveCfg = Debug|Any CPU
		{FB7AECDC-91AE-45A4-B003-79DC9F6F1E2C}.Debug|Any CPU.Build.0 = Debug|Any CPU
		{FB7AECDC-91AE-45A4-B003-79DC9F6F1E2C}.Release|Any CPU.ActiveCfg = Release|Any CPU
		{FB7AECDC-91AE-45A4-B003-79DC9F6F1E2C}.Release|Any CPU.Build.0 = Release|Any CPU
	EndGlobalSection
	GlobalSection(SolutionProperties) = preSolution
		HideSolutionNode = FALSE
	EndGlobalSection
EndGlobal
